{
    "_readme": [
        "This file locks the dependencies of your project to a known state",
        "Read more about it at https://getcomposer.org/doc/01-basic-usage.md#composer-lock-the-lock-file",
        "This file is @generated automatically"
    ],
    "content-hash": "1cbdad38b065dc1cc2f724d629dff2b6",
    "packages": [
        {
            "name": "quickbooks/v3-php-sdk",
            "version": "V4.0.1",
            "source": {
                "type": "git",
                "url": "https://github.com/intuit/QuickBooks-V3-PHP-SDK.git",
                "reference": "b8f8bfd14e5f460048aeecf1bab457ff1189cdcd"
            },
            "dist": {
                "type": "zip",
                "url": "https://api.github.com/repos/intuit/QuickBooks-V3-PHP-SDK/zipball/b8f8bfd14e5f460048aeecf1bab457ff1189cdcd",
                "reference": "b8f8bfd14e5f460048aeecf1bab457ff1189cdcd",
                "shasum": ""
            },
            "require": {
                "php": ">=5.6.0"
            },
            "require-dev": {
                "phpunit/phpunit": "^5.7"
            },
            "type": "library",
            "autoload": {
                "psr-4": {
                    "QuickBooksOnline\\API\\": "src/"
                }
            },
            "notification-url": "https://packagist.org/downloads/",
            "license": [
                "Apache-2.0"
            ],
            "authors": [
                {
                    "name": "hlu2",
                    "email": "Hao_Lu@intuit.com"
                }
            ],
            "description": "The Official PHP SDK for QuickBooks Online Accounting API",
            "homepage": "http://developer.intuit.com",
            "keywords": [
                "api",
                "http",
                "quickbooks",
                "rest",
                "smallbusiness"
            ],
            "time": "2017-11-22T19:56:54+00:00"
        }
    ],
    "packages-dev": [],
    "aliases": [],
    "minimum-stability": "stable",
    "stability-flags": [],
    "prefer-stable": false,
    "prefer-lowest": false,
    "platform": [],
    "platform-dev": []
}
